
Microsoft Visual Studio Solution File, Format Version 12.00
# Visual Studio Version 16
VisualStudioVersion = 16.0.32407.337
MinimumVisualStudioVersion = 10.0.40219.1
Project("{FAE04EC0-301F-11D3-BF4B-00C04F79EFBC}") = "PorReferencia", "PorReferencia\PorReferencia.csproj", "{EDF0DBBE-6393-4858-BF32-6B118075534A}"
EndProject
Global
	GlobalSection(SolutionConfigurationPlatforms) = preSolution
		Debug|Any CPU = Debug|Any CPU
		Release|Any CPU = Release|Any CPU
	EndGlobalSection
	GlobalSection(ProjectConfigurationPlatforms) = postSolution
		{EDF0DBBE-6393-4858-BF32-6B118075534A}.Debug|Any CPU.ActiveCfg = Debug|Any CPU
		{EDF0DBBE-6393-4858-BF32-6B118075534A}.Debug|Any CPU.Build.0 = Debug|Any CPU
		{EDF0DBBE-6393-4858-BF32-6B118075534A}.Release|Any CPU.ActiveCfg = Release|Any CPU
		{EDF0DBBE-6393-4858-BF32-6B118075534A}.Release|Any CPU.Build.0 = Release|Any CPU
	EndGlobalSection
	GlobalSection(SolutionProperties) = preSolution
		HideSolutionNode = FALSE
	EndGlobalSection
	GlobalSection(ExtensibilityGlobals) = postSolution
		SolutionGuid = {5A44484E-5208-476A-B598-43C2414C8A5C}
	EndGlobalSection
EndGlobal
